
Microsoft Visual Studio Solution File, Format Version 12.00
# Visual Studio Version 17
VisualStudioVersion = 17.3.32929.385
MinimumVisualStudioVersion = 10.0.40219.1
Project("{FAE04EC0-301F-11D3-BF4B-00C04F79EFBC}") = "Bercea_Anelise_Laborator10_MPA", "Bercea_Anelise_Laborator10_MPA.csproj", "{FF009125-43A5-4543-9D72-83399D773832}"
EndProject
Project("{FAE04EC0-301F-11D3-BF4B-00C04F79EFBC}") = "gRPCClient", "..\gRPCClient\gRPCClient.csproj", "{006DE554-874E-4218-815D-857F33641B28}"
EndProject
Global
	GlobalSection(SolutionConfigurationPlatforms) = preSolution
		Debug|Any CPU = Debug|Any CPU
		Release|Any CPU = Release|Any CPU
	EndGlobalSection
	GlobalSection(ProjectConfigurationPlatforms) = postSolution
		{FF009125-43A5-4543-9D72-83399D773832}.Debug|Any CPU.ActiveCfg = Debug|Any CPU
		{FF009125-43A5-4543-9D72-83399D773832}.Debug|Any CPU.Build.0 = Debug|Any CPU
		{FF009125-43A5-4543-9D72-83399D773832}.Release|Any CPU.ActiveCfg = Release|Any CPU
		{FF009125-43A5-4543-9D72-83399D773832}.Release|Any CPU.Build.0 = Release|Any CPU
		{006DE554-874E-4218-815D-857F33641B28}.Debug|Any CPU.ActiveCfg = Debug|Any CPU
		{006DE554-874E-4218-815D-857F33641B28}.Debug|Any CPU.Build.0 = Debug|Any CPU
		{006DE554-874E-4218-815D-857F33641B28}.Release|Any CPU.ActiveCfg = Release|Any CPU
		{006DE554-874E-4218-815D-857F33641B28}.Release|Any CPU.Build.0 = Release|Any CPU
	EndGlobalSection
	GlobalSection(SolutionProperties) = preSolution
		HideSolutionNode = FALSE
	EndGlobalSection
	GlobalSection(ExtensibilityGlobals) = postSolution
		SolutionGuid = {0B9A6AFB-6EAB-4780-A81A-F487778F2E49}
	EndGlobalSection
EndGlobal
